
Microsoft Visual Studio Solution File, Format Version 12.00
# Visual Studio Version 17
VisualStudioVersion = 17.6.33829.357
MinimumVisualStudioVersion = 10.0.40219.1
Project("{9A19103F-16F7-4668-BE54-9A1E7A4F7556}") = "LeetCode", "Dsa\LeetCode.csproj", "{27A9B6B2-080B-42FD-BF5D-307DAC230C2A}"
EndProject
Project("{9A19103F-16F7-4668-BE54-9A1E7A4F7556}") = "TestCases", "TestCases\TestCases.csproj", "{DC56DF42-B7D4-493F-BF2A-BA383FADE736}"
EndProject
Global
	GlobalSection(SolutionConfigurationPlatforms) = preSolution
		Debug|Any CPU = Debug|Any CPU
		Release|Any CPU = Release|Any CPU
	EndGlobalSection
	GlobalSection(ProjectConfigurationPlatforms) = postSolution
		{27A9B6B2-080B-42FD-BF5D-307DAC230C2A}.Debug|Any CPU.ActiveCfg = Debug|Any CPU
		{27A9B6B2-080B-42FD-BF5D-307DAC230C2A}.Debug|Any CPU.Build.0 = Debug|Any CPU
		{27A9B6B2-080B-42FD-BF5D-307DAC230C2A}.Release|Any CPU.ActiveCfg = Release|Any CPU
		{27A9B6B2-080B-42FD-BF5D-307DAC230C2A}.Release|Any CPU.Build.0 = Release|Any CPU
		{DC56DF42-B7D4-493F-BF2A-BA383FADE736}.Debug|Any CPU.ActiveCfg = Debug|Any CPU
		{DC56DF42-B7D4-493F-BF2A-BA383FADE736}.Debug|Any CPU.Build.0 = Debug|Any CPU
		{DC56DF42-B7D4-493F-BF2A-BA383FADE736}.Release|Any CPU.ActiveCfg = Release|Any CPU
		{DC56DF42-B7D4-493F-BF2A-BA383FADE736}.Release|Any CPU.Build.0 = Release|Any CPU
	EndGlobalSection
	GlobalSection(SolutionProperties) = preSolution
		HideSolutionNode = FALSE
	EndGlobalSection
	GlobalSection(ExtensibilityGlobals) = postSolution
		SolutionGuid = {0F93CFD7-68CB-45F5-8566-9C91480FF27A}
	EndGlobalSection
EndGlobal
